
Microsoft Visual Studio Solution File, Format Version 12.00
# Visual Studio Version 16
VisualStudioVersion = 16.0.34031.81
MinimumVisualStudioVersion = 10.0.40219.1
Project("{2150E333-8FDC-42A3-9474-1A3956D46DE8}") = "Task0", "Task0", "{D8408BBF-56DB-48BF-B732-93EB5EC88559}"
EndProject
Project("{FAE04EC0-301F-11D3-BF4B-00C04F79EFBC}") = "Tyuiu.VelizhaninPI.Sprint3.Task0.V19", "Tyuiu.VelizhaninPI.Sprint3.Task0.V19\Tyuiu.VelizhaninPI.Sprint3.Task0.V19.csproj", "{142A577F-4496-409A-AE4F-B0DC3560F310}"
EndProject
Project("{FAE04EC0-301F-11D3-BF4B-00C04F79EFBC}") = "Tyuiu.VelizhaninPI.Sprint3.Task0.V19.Lib", "Tyuiu.VelizhaninPI.Sprint3.Task0.V19.Lib\Tyuiu.VelizhaninPI.Sprint3.Task0.V19.Lib.csproj", "{44C05655-6D84-44F7-B68E-66C2ED659374}"
EndProject
Project("{FAE04EC0-301F-11D3-BF4B-00C04F79EFBC}") = "Tyuiu.VelizhaninPI.Sprint3.Task0.V19.Test", "Tyuiu.VelizhaninPI.Sprint3.Task0.V19.Test\Tyuiu.VelizhaninPI.Sprint3.Task0.V19.Test.csproj", "{C7268FE3-95A1-4879-A81C-F5D96092E2EA}"
EndProject
Project("{2150E333-8FDC-42A3-9474-1A3956D46DE8}") = "Task1", "Task1", "{C03E3F95-8322-4DAB-9511-7F19B9F35C06}"
EndProject
Project("{FAE04EC0-301F-11D3-BF4B-00C04F79EFBC}") = "Tyuiu.VelizhaninPI.Sprint3.Task1.V8", "Tyuiu.VelizhaninPI.Sprint3.Task1.V8\Tyuiu.VelizhaninPI.Sprint3.Task1.V8.csproj", "{97B977EF-E374-4C6B-A835-4FA8589AFEB2}"
EndProject
Project("{FAE04EC0-301F-11D3-BF4B-00C04F79EFBC}") = "Tyuiu.VelizhaninPI.Sprint3.Task1.V8.Lib", "Tyuiu.VelizhaninPI.Sprint3.Task1.V8.Lib\Tyuiu.VelizhaninPI.Sprint3.Task1.V8.Lib.csproj", "{92D04A60-2D87-4507-A65E-D1358592F549}"
EndProject
Project("{FAE04EC0-301F-11D3-BF4B-00C04F79EFBC}") = "Tyuiu.VelizhaninPI.Sprint3.Task1.V8.Test", "Tyuiu.VelizhaninPI.Sprint3.Task1.V8.Test\Tyuiu.VelizhaninPI.Sprint3.Task1.V8.Test.csproj", "{49865CA2-15A2-437B-B2DE-33B77ACF27B9}"
EndProject
Project("{2150E333-8FDC-42A3-9474-1A3956D46DE8}") = "Task2", "Task2", "{E0C94BFF-066B-4FAA-9152-BC447DF5FFF5}"
EndProject
Project("{FAE04EC0-301F-11D3-BF4B-00C04F79EFBC}") = "Tyuiu.VelizhaninPI.Sprint3.Task2.V16", "Tyuiu.VelizhaninPI.Sprint3.Task2.V16\Tyuiu.VelizhaninPI.Sprint3.Task2.V16.csproj", "{A925ECFB-BE80-4CB2-8246-BE16966F9299}"
EndProject
Project("{FAE04EC0-301F-11D3-BF4B-00C04F79EFBC}") = "Tyuiu.VelizhaninPI.Sprint3.Task2.V16.Lib", "Tyuiu.VelizhaninPI.Sprint3.Task2.V16.Lib\Tyuiu.VelizhaninPI.Sprint3.Task2.V16.Lib.csproj", "{0AFFFD64-C925-4CE5-8C20-5A07E350B7E4}"
EndProject
Project("{FAE04EC0-301F-11D3-BF4B-00C04F79EFBC}") = "Tyuiu.VelizhaninPI.Sprint3.Task2.V16.Test", "Tyuiu.VelizhaninPI.Sprint3.Task2.V16.Test\Tyuiu.VelizhaninPI.Sprint3.Task2.V16.Test.csproj", "{11389098-0A28-414D-9FDA-813B23E6B8BD}"
EndProject
Project("{2150E333-8FDC-42A3-9474-1A3956D46DE8}") = "Task3", "Task3", "{7B01D325-6265-4264-BD8C-657C6F107BA8}"
EndProject
Project("{FAE04EC0-301F-11D3-BF4B-00C04F79EFBC}") = "Tyuiu.VelizhaninPI.Sprint3.Task3.V8", "Tyuiu.VelizhaninPI.Sprint3.Task3.V8\Tyuiu.VelizhaninPI.Sprint3.Task3.V8.csproj", "{1CAB5FAB-B7EC-4B41-BD7C-D2B95030A4C2}"
EndProject
Project("{FAE04EC0-301F-11D3-BF4B-00C04F79EFBC}") = "Tyuiu.VelizhaninPI.Sprint3.Task3.V8.Lib", "Tyuiu.VelizhaninPI.Sprint3.Task3.V8.Lib\Tyuiu.VelizhaninPI.Sprint3.Task3.V8.Lib.csproj", "{02ED22ED-78C1-41DA-A288-213218181CED}"
EndProject
Project("{FAE04EC0-301F-11D3-BF4B-00C04F79EFBC}") = "Tyuiu.VelizhaninPI.Sprint3.Task3.V8.Test", "Tyuiu.VelizhaninPI.Sprint3.Task3.V8.Test\Tyuiu.VelizhaninPI.Sprint3.Task3.V8.Test.csproj", "{6C1E34C9-CF14-4CA7-B155-BE40168CBE78}"
EndProject
Global
	GlobalSection(SolutionConfigurationPlatforms) = preSolution
		Debug|Any CPU = Debug|Any CPU
		Release|Any CPU = Release|Any CPU
	EndGlobalSection
	GlobalSection(ProjectConfigurationPlatforms) = postSolution
		{142A577F-4496-409A-AE4F-B0DC3560F310}.Debug|Any CPU.ActiveCfg = Debug|Any CPU
		{142A577F-4496-409A-AE4F-B0DC3560F310}.Debug|Any CPU.Build.0 = Debug|Any CPU
		{142A577F-4496-409A-AE4F-B0DC3560F310}.Release|Any CPU.ActiveCfg = Release|Any CPU
		{142A577F-4496-409A-AE4F-B0DC3560F310}.Release|Any CPU.Build.0 = Release|Any CPU
		{44C05655-6D84-44F7-B68E-66C2ED659374}.Debug|Any CPU.ActiveCfg = Debug|Any CPU
		{44C05655-6D84-44F7-B68E-66C2ED659374}.Debug|Any CPU.Build.0 = Debug|Any CPU
		{44C05655-6D84-44F7-B68E-66C2ED659374}.Release|Any CPU.ActiveCfg = Release|Any CPU
		{44C05655-6D84-44F7-B68E-66C2ED659374}.Release|Any CPU.Build.0 = Release|Any CPU
		{C7268FE3-95A1-4879-A81C-F5D96092E2EA}.Debug|Any CPU.ActiveCfg = Debug|Any CPU
		{C7268FE3-95A1-4879-A81C-F5D96092E2EA}.Debug|Any CPU.Build.0 = Debug|Any CPU
		{C7268FE3-95A1-4879-A81C-F5D96092E2EA}.Release|Any CPU.ActiveCfg = Release|Any CPU
		{C7268FE3-95A1-4879-A81C-F5D96092E2EA}.Release|Any CPU.Build.0 = Release|Any CPU
		{97B977EF-E374-4C6B-A835-4FA8589AFEB2}.Debug|Any CPU.ActiveCfg = Debug|Any CPU
		{97B977EF-E374-4C6B-A835-4FA8589AFEB2}.Debug|Any CPU.Build.0 = Debug|Any CPU
		{97B977EF-E374-4C6B-A835-4FA8589AFEB2}.Release|Any CPU.ActiveCfg = Release|Any CPU
		{97B977EF-E374-4C6B-A835-4FA8589AFEB2}.Release|Any CPU.Build.0 = Release|Any CPU
		{92D04A60-2D87-4507-A65E-D1358592F549}.Debug|Any CPU.ActiveCfg = Debug|Any CPU
		{92D04A60-2D87-4507-A65E-D1358592F549}.Debug|Any CPU.Build.0 = Debug|Any CPU
		{92D04A60-2D87-4507-A65E-D1358592F549}.Release|Any CPU.ActiveCfg = Release|Any CPU
		{92D04A60-2D87-4507-A65E-D1358592F549}.Release|Any CPU.Build.0 = Release|Any CPU
		{49865CA2-15A2-437B-B2DE-33B77ACF27B9}.Debug|Any CPU.ActiveCfg = Debug|Any CPU
		{49865CA2-15A2-437B-B2DE-33B77ACF27B9}.Debug|Any CPU.Build.0 = Debug|Any CPU
		{49865CA2-15A2-437B-B2DE-33B77ACF27B9}.Release|Any CPU.ActiveCfg = Release|Any CPU
		{49865CA2-15A2-437B-B2DE-33B77ACF27B9}.Release|Any CPU.Build.0 = Release|Any CPU
		{A925ECFB-BE80-4CB2-8246-BE16966F9299}.Debug|Any CPU.ActiveCfg = Debug|Any CPU
		{A925ECFB-BE80-4CB2-8246-BE16966F9299}.Debug|Any CPU.Build.0 = Debug|Any CPU
		{A925ECFB-BE80-4CB2-8246-BE16966F9299}.Release|Any CPU.ActiveCfg = Release|Any CPU
		{A925ECFB-BE80-4CB2-8246-BE16966F9299}.Release|Any CPU.Build.0 = Release|Any CPU
		{0AFFFD64-C925-4CE5-8C20-5A07E350B7E4}.Debug|Any CPU.ActiveCfg = Debug|Any CPU
		{0AFFFD64-C925-4CE5-8C20-5A07E350B7E4}.Debug|Any CPU.Build.0 = Debug|Any CPU
		{0AFFFD64-C925-4CE5-8C20-5A07E350B7E4}.Release|Any CPU.ActiveCfg = Release|Any CPU
		{0AFFFD64-C925-4CE5-8C20-5A07E350B7E4}.Release|Any CPU.Build.0 = Release|Any CPU
		{11389098-0A28-414D-9FDA-813B23E6B8BD}.Debug|Any CPU.ActiveCfg = Debug|Any CPU
		{11389098-0A28-414D-9FDA-813B23E6B8BD}.Debug|Any CPU.Build.0 = Debug|Any CPU
		{11389098-0A28-414D-9FDA-813B23E6B8BD}.Release|Any CPU.ActiveCfg = Release|Any CPU
		{11389098-0A28-414D-9FDA-813B23E6B8BD}.Release|Any CPU.Build.0 = Release|Any CPU
		{1CAB5FAB-B7EC-4B41-BD7C-D2B95030A4C2}.Debug|Any CPU.ActiveCfg = Debug|Any CPU
		{1CAB5FAB-B7EC-4B41-BD7C-D2B95030A4C2}.Debug|Any CPU.Build.0 = Debug|Any CPU
		{1CAB5FAB-B7EC-4B41-BD7C-D2B95030A4C2}.Release|Any CPU.ActiveCfg = Release|Any CPU
		{1CAB5FAB-B7EC-4B41-BD7C-D2B95030A4C2}.Release|Any CPU.Build.0 = Release|Any CPU
		{02ED22ED-78C1-41DA-A288-213218181CED}.Debug|Any CPU.ActiveCfg = Debug|Any CPU
		{02ED22ED-78C1-41DA-A288-213218181CED}.Debug|Any CPU.Build.0 = Debug|Any CPU
		{02ED22ED-78C1-41DA-A288-213218181CED}.Release|Any CPU.ActiveCfg = Release|Any CPU
		{02ED22ED-78C1-41DA-A288-213218181CED}.Release|Any CPU.Build.0 = Release|Any CPU
		{6C1E34C9-CF14-4CA7-B155-BE40168CBE78}.Debug|Any CPU.ActiveCfg = Debug|Any CPU
		{6C1E34C9-CF14-4CA7-B155-BE40168CBE78}.Debug|Any CPU.Build.0 = Debug|Any CPU
		{6C1E34C9-CF14-4CA7-B155-BE40168CBE78}.Release|Any CPU.ActiveCfg = Release|Any CPU
		{6C1E34C9-CF14-4CA7-B155-BE40168CBE78}.Release|Any CPU.Build.0 = Release|Any CPU
	EndGlobalSection
	GlobalSection(SolutionProperties) = preSolution
		HideSolutionNode = FALSE
	EndGlobalSection
	GlobalSection(NestedProjects) = preSolution
		{142A577F-4496-409A-AE4F-B0DC3560F310} = {D8408BBF-56DB-48BF-B732-93EB5EC88559}
		{44C05655-6D84-44F7-B68E-66C2ED659374} = {D8408BBF-56DB-48BF-B732-93EB5EC88559}
		{C7268FE3-95A1-4879-A81C-F5D96092E2EA} = {D8408BBF-56DB-48BF-B732-93EB5EC88559}
		{97B977EF-E374-4C6B-A835-4FA8589AFEB2} = {C03E3F95-8322-4DAB-9511-7F19B9F35C06}
		{92D04A60-2D87-4507-A65E-D1358592F549} = {C03E3F95-8322-4DAB-9511-7F19B9F35C06}
		{49865CA2-15A2-437B-B2DE-33B77ACF27B9} = {C03E3F95-8322-4DAB-9511-7F19B9F35C06}
		{A925ECFB-BE80-4CB2-8246-BE16966F9299} = {E0C94BFF-066B-4FAA-9152-BC447DF5FFF5}
		{0AFFFD64-C925-4CE5-8C20-5A07E350B7E4} = {E0C94BFF-066B-4FAA-9152-BC447DF5FFF5}
		{11389098-0A28-414D-9FDA-813B23E6B8BD} = {E0C94BFF-066B-4FAA-9152-BC447DF5FFF5}
		{1CAB5FAB-B7EC-4B41-BD7C-D2B95030A4C2} = {7B01D325-6265-4264-BD8C-657C6F107BA8}
		{02ED22ED-78C1-41DA-A288-213218181CED} = {7B01D325-6265-4264-BD8C-657C6F107BA8}
		{6C1E34C9-CF14-4CA7-B155-BE40168CBE78} = {7B01D325-6265-4264-BD8C-657C6F107BA8}
	EndGlobalSection
	GlobalSection(ExtensibilityGlobals) = postSolution
		SolutionGuid = {B7CE6EEC-A494-41C6-9F2E-03F77BBBB2EB}
	EndGlobalSection
EndGlobal
